
Microsoft Visual Studio Solution File, Format Version 12.00
# Visual Studio Version 18
VisualStudioVersion = 18.1.11304.174 d18.0
MinimumVisualStudioVersion = 10.0.40219.1
Project("{FAE04EC0-301F-11D3-BF4B-00C04F79EFBC}") = "MediaLibraryMaintenance", "MediaLibraryMaintenance\MediaLibraryMaintenance.csproj", "{E8337F6A-66AA-4194-B198-255BCAAF6C5B}"
EndProject
Project("{FAE04EC0-301F-11D3-BF4B-00C04F79EFBC}") = "MediaLibraryMaintenance.Interfaces", "MediaLibraryMaintenance.Interfaces\MediaLibraryMaintenance.Interfaces.csproj", "{E0A6A87F-E19A-45CC-9D57-3E8A06377A47}"
EndProject
Project("{FAE04EC0-301F-11D3-BF4B-00C04F79EFBC}") = "MediaLibraryMaintenance.CoreModules.ReencodeMarker", "MediaLibraryMaintenance.CoreModules.ReencodeMarker\MediaLibraryMaintenance.CoreModules.ReencodeMarker.csproj", "{6F73A2B3-35EC-44B2-9E47-1A5A3609C248}"
EndProject
Global
	GlobalSection(SolutionConfigurationPlatforms) = preSolution
		Debug|Any CPU = Debug|Any CPU
		Release|Any CPU = Release|Any CPU
	EndGlobalSection
	GlobalSection(ProjectConfigurationPlatforms) = postSolution
		{E8337F6A-66AA-4194-B198-255BCAAF6C5B}.Debug|Any CPU.ActiveCfg = Debug|Any CPU
		{E8337F6A-66AA-4194-B198-255BCAAF6C5B}.Debug|Any CPU.Build.0 = Debug|Any CPU
		{E8337F6A-66AA-4194-B198-255BCAAF6C5B}.Release|Any CPU.ActiveCfg = Release|Any CPU
		{E8337F6A-66AA-4194-B198-255BCAAF6C5B}.Release|Any CPU.Build.0 = Release|Any CPU
		{E0A6A87F-E19A-45CC-9D57-3E8A06377A47}.Debug|Any CPU.ActiveCfg = Debug|Any CPU
		{E0A6A87F-E19A-45CC-9D57-3E8A06377A47}.Debug|Any CPU.Build.0 = Debug|Any CPU
		{E0A6A87F-E19A-45CC-9D57-3E8A06377A47}.Release|Any CPU.ActiveCfg = Release|Any CPU
		{E0A6A87F-E19A-45CC-9D57-3E8A06377A47}.Release|Any CPU.Build.0 = Release|Any CPU
		{6F73A2B3-35EC-44B2-9E47-1A5A3609C248}.Debug|Any CPU.ActiveCfg = Debug|Any CPU
		{6F73A2B3-35EC-44B2-9E47-1A5A3609C248}.Debug|Any CPU.Build.0 = Debug|Any CPU
		{6F73A2B3-35EC-44B2-9E47-1A5A3609C248}.Release|Any CPU.ActiveCfg = Release|Any CPU
		{6F73A2B3-35EC-44B2-9E47-1A5A3609C248}.Release|Any CPU.Build.0 = Release|Any CPU
	EndGlobalSection
	GlobalSection(SolutionProperties) = preSolution
		HideSolutionNode = FALSE
	EndGlobalSection
	GlobalSection(ExtensibilityGlobals) = postSolution
		SolutionGuid = {B3772401-DB0E-434D-82DF-1B42F7CB1F37}
	EndGlobalSection
EndGlobal
